// !$*UTF8*$!
{
	archiveVersion = 1;
	classes = {
	};
	objectVersion = 55;
	objects = {

/* Begin PBXBuildFile section */
		74ACBC7928155B9000FA3451 /* DetayVC.swift in Sources */ = {isa = PBXBuildFile; fileRef = 74ACBC7828155B9000FA3451 /* DetayVC.swift */; };
		74F505AE28141DDE007639A6 /* AppDelegate.swift in Sources */ = {isa = PBXBuildFile; fileRef = 74F505AD28141DDE007639A6 /* AppDelegate.swift */; };
		74F505B028141DDE007639A6 /* SceneDelegate.swift in Sources */ = {isa = PBXBuildFile; fileRef = 74F505AF28141DDE007639A6 /* SceneDelegate.swift */; };
		74F505B228141DDE007639A6 /* ViewController.swift in Sources */ = {isa = PBXBuildFile; fileRef = 74F505B128141DDE007639A6 /* ViewController.swift */; };
		74F505B528141DDE007639A6 /* Main.storyboard in Resources */ = {isa = PBXBuildFile; fileRef = 74F505B328141DDE007639A6 /* Main.storyboard */; };
		74F505B728141DDF007639A6 /* Assets.xcassets in Resources */ = {isa = PBXBuildFile; fileRef = 74F505B628141DDF007639A6 /* Assets.xcassets */; };
		74F505BA28141DDF007639A6 /* LaunchScreen.storyboard in Resources */ = {isa = PBXBuildFile; fileRef = 74F505B828141DDF007639A6 /* LaunchScreen.storyboard */; };
		74F505C528141DDF007639A6 /* DetayliTableViewKullanimiTests.swift in Sources */ = {isa = PBXBuildFile; fileRef = 74F505C428141DDF007639A6 /* DetayliTableViewKullanimiTests.swift */; };
		74F505CF28141DDF007639A6 /* DetayliTableViewKullanimiUITests.swift in Sources */ = {isa = PBXBuildFile; fileRef = 74F505CE28141DDF007639A6 /* DetayliTableViewKullanimiUITests.swift */; };
		74F505D128141DDF007639A6 /* DetayliTableViewKullanimiUITestsLaunchTests.swift in Sources */ = {isa = PBXBuildFile; fileRef = 74F505D028141DDF007639A6 /* DetayliTableViewKullanimiUITestsLaunchTests.swift */; };
		74F505DE28141EC0007639A6 /* Urunler.swift in Sources */ = {isa = PBXBuildFile; fileRef = 74F505DD28141EC0007639A6 /* Urunler.swift */; };
		74F505E0281423E8007639A6 /* UrunTableViewCell.swift in Sources */ = {isa = PBXBuildFile; fileRef = 74F505DF281423E8007639A6 /* UrunTableViewCell.swift */; };
/* End PBXBuildFile section */

/* Begin PBXContainerItemProxy section */
		74F505C128141DDF007639A6 /* PBXContainerItemProxy */ = {
			isa = PBXContainerItemProxy;
			containerPortal = 74F505A228141DDE007639A6 /* Project object */;
			proxyType = 1;
			remoteGlobalIDString = 74F505A928141DDE007639A6;
			remoteInfo = DetayliTableViewKullanimi;
		};
		74F505CB28141DDF007639A6 /* PBXContainerItemProxy */ = {
			isa = PBXContainerItemProxy;
			containerPortal = 74F505A228141DDE007639A6 /* Project object */;
			proxyType = 1;
			remoteGlobalIDString = 74F505A928141DDE007639A6;
			remoteInfo = DetayliTableViewKullanimi;
		};
/* End PBXContainerItemProxy section */

/* Begin PBXFileReference section */
		74ACBC7828155B9000FA3451 /* DetayVC.swift */ = {isa = PBXFileReference; lastKnownFileType = sourcecode.swift; path = DetayVC.swift; sourceTree = "<group>"; };
		74F505AA28141DDE007639A6 /* DetayliTableViewKullanimi.app */ = {isa = PBXFileReference; explicitFileType = wrapper.application; includeInIndex = 0; path = DetayliTableViewKullanimi.app; sourceTree = BUILT_PRODUCTS_DIR; };
		74F505AD28141DDE007639A6 /* AppDelegate.swift */ = {isa = PBXFileReference; lastKnownFileType = sourcecode.swift; path = AppDelegate.swift; sourceTree = "<group>"; };
		74F505AF28141DDE007639A6 /* SceneDelegate.swift */ = {isa = PBXFileReference; lastKnownFileType = sourcecode.swift; path = SceneDelegate.swift; sourceTree = "<group>"; };
		74F505B128141DDE007639A6 /* ViewController.swift */ = {isa = PBXFileReference; lastKnownFileType = sourcecode.swift; path = ViewController.swift; sourceTree = "<group>"; };
		74F505B428141DDE007639A6 /* Base */ = {isa = PBXFileReference; lastKnownFileType = file.storyboard; name = Base; path = Base.lproj/Main.storyboard; sourceTree = "<group>"; };
		74F505B628141DDF007639A6 /* Assets.xcassets */ = {isa = PBXFileReference; lastKnownFileType = folder.assetcatalog; path = Assets.xcassets; sourceTree = "<group>"; };
		74F505B928141DDF007639A6 /* Base */ = {isa = PBXFileReference; lastKnownFileType = file.storyboard; name = Base; path = Base.lproj/LaunchScreen.storyboard; sourceTree = "<group>"; };
		74F505BB28141DDF007639A6 /* Info.plist */ = {isa = PBXFileReference; lastKnownFileType = text.plist.xml; path = Info.plist; sourceTree = "<group>"; };
		74F505C028141DDF007639A6 /* DetayliTableViewKullanimiTests.xctest */ = {isa = PBXFileReference; explicitFileType = wrapper.cfbundle; includeInIndex = 0; path = DetayliTableViewKullanimiTests.xctest; sourceTree = BUILT_PRODUCTS_DIR; };
		74F505C428141DDF007639A6 /* DetayliTableViewKullanimiTests.swift */ = {isa = PBXFileReference; lastKnownFileType = sourcecode.swift; path = DetayliTableViewKullanimiTests.swift; sourceTree = "<group>"; };
		74F505CA28141DDF007639A6 /* DetayliTableViewKullanimiUITests.xctest */ = {isa = PBXFileReference; explicitFileType = wrapper.cfbundle; includeInIndex = 0; path = DetayliTableViewKullanimiUITests.xctest; sourceTree = BUILT_PRODUCTS_DIR; };
		74F505CE28141DDF007639A6 /* DetayliTableViewKullanimiUITests.swift */ = {isa = PBXFileReference; lastKnownFileType = sourcecode.swift; path = DetayliTableViewKullanimiUITests.swift; sourceTree = "<group>"; };
		74F505D028141DDF007639A6 /* DetayliTableViewKullanimiUITestsLaunchTests.swift */ = {isa = PBXFileReference; lastKnownFileType = sourcecode.swift; path = DetayliTableViewKullanimiUITestsLaunchTests.swift; sourceTree = "<group>"; };
		74F505DD28141EC0007639A6 /* Urunler.swift */ = {isa = PBXFileReference; lastKnownFileType = sourcecode.swift; path = Urunler.swift; sourceTree = "<group>"; };
		74F505DF281423E8007639A6 /* UrunTableViewCell.swift */ = {isa = PBXFileReference; lastKnownFileType = sourcecode.swift; path = UrunTableViewCell.swift; sourceTree = "<group>"; };
/* End PBXFileReference section */

/* Begin PBXFrameworksBuildPhase section */
		74F505A728141DDE007639A6 /* Frameworks */ = {
			isa = PBXFrameworksBuildPhase;
			buildActionMask = 2147483647;
			files = (
			);
			runOnlyForDeploymentPostprocessing = 0;
		};
		74F505BD28141DDF007639A6 /* Frameworks */ = {
			isa = PBXFrameworksBuildPhase;
			buildActionMask = 2147483647;
			files = (
			);
			runOnlyForDeploymentPostprocessing = 0;
		};
		74F505C728141DDF007639A6 /* Frameworks */ = {
			isa = PBXFrameworksBuildPhase;
			buildActionMask = 2147483647;
			files = (
			);
			runOnlyForDeploymentPostprocessing = 0;
		};
/* End PBXFrameworksBuildPhase section */

/* Begin PBXGroup section */
		74F505A128141DDE007639A6 = {
			isa = PBXGroup;
			children = (
				74F505AC28141DDE007639A6 /* DetayliTableViewKullanimi */,
				74F505C328141DDF007639A6 /* DetayliTableViewKullanimiTests */,
				74F505CD28141DDF007639A6 /* DetayliTableViewKullanimiUITests */,
				74F505AB28141DDE007639A6 /* Products */,
			);
			sourceTree = "<group>";
		};
		74F505AB28141DDE007639A6 /* Products */ = {
			isa = PBXGroup;
			children = (
				74F505AA28141DDE007639A6 /* DetayliTableViewKullanimi.app */,
				74F505C028141DDF007639A6 /* DetayliTableViewKullanimiTests.xctest */,
				74F505CA28141DDF007639A6 /* DetayliTableViewKullanimiUITests.xctest */,
			);
			name = Products;
			sourceTree = "<group>";
		};
		74F505AC28141DDE007639A6 /* DetayliTableViewKullanimi */ = {
			isa = PBXGroup;
			children = (
				74F505AD28141DDE007639A6 /* AppDelegate.swift */,
				74F505AF28141DDE007639A6 /* SceneDelegate.swift */,
				74F505B128141DDE007639A6 /* ViewController.swift */,
				74F505B328141DDE007639A6 /* Main.storyboard */,
				74ACBC7828155B9000FA3451 /* DetayVC.swift */,
				74F505DF281423E8007639A6 /* UrunTableViewCell.swift */,
				74F505B628141DDF007639A6 /* Assets.xcassets */,
				74F505DD28141EC0007639A6 /* Urunler.swift */,
				74F505B828141DDF007639A6 /* LaunchScreen.storyboard */,
				74F505BB28141DDF007639A6 /* Info.plist */,
			);
			path = DetayliTableViewKullanimi;
			sourceTree = "<group>";
		};
		74F505C328141DDF007639A6 /* DetayliTableViewKullanimiTests */ = {
			isa = PBXGroup;
			children = (
				74F505C428141DDF007639A6 /* DetayliTableViewKullanimiTests.swift */,
			);
			path = DetayliTableViewKullanimiTests;
			sourceTree = "<group>";
		};
		74F505CD28141DDF007639A6 /* DetayliTableViewKullanimiUITests */ = {
			isa = PBXGroup;
			children = (
				74F505CE28141DDF007639A6 /* DetayliTableViewKullanimiUITests.swift */,
				74F505D028141DDF007639A6 /* DetayliTableViewKullanimiUITestsLaunchTests.swift */,
			);
			path = DetayliTableViewKullanimiUITests;
			sourceTree = "<group>";
		};
/* End PBXGroup section */

/* Begin PBXNativeTarget section */
		74F505A928141DDE007639A6 /* DetayliTableViewKullanimi */ = {
			isa = PBXNativeTarget;
			buildConfigurationList = 74F505D428141DDF007639A6 /* Build configuration list for PBXNativeTarget "DetayliTableViewKullanimi" */;
			buildPhases = (
				74F505A628141DDE007639A6 /* Sources */,
				74F505A728141DDE007639A6 /* Frameworks */,
				74F505A828141DDE007639A6 /* Resources */,
			);
			buildRules = (
			);
			dependencies = (
			);
			name = DetayliTableViewKullanimi;
			productName = DetayliTableViewKullanimi;
			productReference = 74F505AA28141DDE007639A6 /* DetayliTableViewKullanimi.app */;
			productType = "com.apple.product-type.application";
		};
		74F505BF28141DDF007639A6 /* DetayliTableViewKullanimiTests */ = {
			isa = PBXNativeTarget;
			buildConfigurationList = 74F505D728141DDF007639A6 /* Build configuration list for PBXNativeTarget "DetayliTableViewKullanimiTests" */;
			buildPhases = (
				74F505BC28141DDF007639A6 /* Sources */,
				74F505BD28141DDF007639A6 /* Frameworks */,
				74F505BE28141DDF007639A6 /* Resources */,
			);
			buildRules = (
			);
			dependencies = (
				74F505C228141DDF007639A6 /* PBXTargetDependency */,
			);
			name = DetayliTableViewKullanimiTests;
			productName = DetayliTableViewKullanimiTests;
			productReference = 74F505C028141DDF007639A6 /* DetayliTableViewKullanimiTests.xctest */;
			productType = "com.apple.product-type.bundle.unit-test";
		};
		74F505C928141DDF007639A6 /* DetayliTableViewKullanimiUITests */ = {
			isa = PBXNativeTarget;
			buildConfigurationList = 74F505DA28141DDF007639A6 /* Build configuration list for PBXNativeTarget "DetayliTableViewKullanimiUITests" */;
			buildPhases = (
				74F505C628141DDF007639A6 /* Sources */,
				74F505C728141DDF007639A6 /* Frameworks */,
				74F505C828141DDF007639A6 /* Resources */,
			);
			buildRules = (
			);
			dependencies = (
				74F505CC28141DDF007639A6 /* PBXTargetDependency */,
			);
			name = DetayliTableViewKullanimiUITests;
			productName = DetayliTableViewKullanimiUITests;
			productReference = 74F505CA28141DDF007639A6 /* DetayliTableViewKullanimiUITests.xctest */;
			productType = "com.apple.product-type.bundle.ui-testing";
		};
/* End PBXNativeTarget section */

/* Begin PBXProject section */
		74F505A228141DDE007639A6 /* Project object */ = {
			isa = PBXProject;
			attributes = {
				BuildIndependentTargetsInParallel = 1;
				LastSwiftUpdateCheck = 1330;
				LastUpgradeCheck = 1330;
				TargetAttributes = {
					74F505A928141DDE007639A6 = {
						CreatedOnToolsVersion = 13.3.1;
					};
					74F505BF28141DDF007639A6 = {
						CreatedOnToolsVersion = 13.3.1;
						TestTargetID = 74F505A928141DDE007639A6;
					};
					74F505C928141DDF007639A6 = {
						CreatedOnToolsVersion = 13.3.1;
						TestTargetID = 74F505A928141DDE007639A6;
					};
				};
			};
			buildConfigurationList = 74F505A528141DDE007639A6 /* Build configuration list for PBXProject "DetayliTableViewKullanimi" */;
			compatibilityVersion = "Xcode 13.0";
			developmentRegion = en;
			hasScannedForEncodings = 0;
			knownRegions = (
				en,
				Base,
			);
			mainGroup = 74F505A128141DDE007639A6;
			productRefGroup = 74F505AB28141DDE007639A6 /* Products */;
			projectDirPath = "";
			projectRoot = "";
			targets = (
				74F505A928141DDE007639A6 /* DetayliTableViewKullanimi */,
				74F505BF28141DDF007639A6 /* DetayliTableViewKullanimiTests */,
				74F505C928141DDF007639A6 /* DetayliTableViewKullanimiUITests */,
			);
		};
/* End PBXProject section */

/* Begin PBXResourcesBuildPhase section */
		74F505A828141DDE007639A6 /* Resources */ = {
			isa = PBXResourcesBuildPhase;
			buildActionMask = 2147483647;
			files = (
				74F505BA28141DDF007639A6 /* LaunchScreen.storyboard in Resources */,
				74F505B728141DDF007639A6 /* Assets.xcassets in Resources */,
				74F505B528141DDE007639A6 /* Main.storyboard in Resources */,
			);
			runOnlyForDeploymentPostprocessing = 0;
		};
		74F505BE28141DDF007639A6 /* Resources */ = {
			isa = PBXResourcesBuildPhase;
			buildActionMask = 2147483647;
			files = (
			);
			runOnlyForDeploymentPostprocessing = 0;
		};
		74F505C828141DDF007639A6 /* Resources */ = {
			isa = PBXResourcesBuildPhase;
			buildActionMask = 2147483647;
			files = (
			);
			runOnlyForDeploymentPostprocessing = 0;
		};
/* End PBXResourcesBuildPhase section */

/* Begin PBXSourcesBuildPhase section */
		74F505A628141DDE007639A6 /* Sources */ = {
			isa = PBXSourcesBuildPhase;
			buildActionMask = 2147483647;
			files = (
				74ACBC7928155B9000FA3451 /* DetayVC.swift in Sources */,
				74F505B228141DDE007639A6 /* ViewController.swift in Sources */,
				74F505DE28141EC0007639A6 /* Urunler.swift in Sources */,
				74F505AE28141DDE007639A6 /* AppDelegate.swift in Sources */,
				74F505B028141DDE007639A6 /* SceneDelegate.swift in Sources */,
				74F505E0281423E8007639A6 /* UrunTableViewCell.swift in Sources */,
			);
			runOnlyForDeploymentPostprocessing = 0;
		};
		74F505BC28141DDF007639A6 /* Sources */ = {
			isa = PBXSourcesBuildPhase;
			buildActionMask = 2147483647;
			files = (
				74F505C528141DDF007639A6 /* DetayliTableViewKullanimiTests.swift in Sources */,
			);
			runOnlyForDeploymentPostprocessing = 0;
		};
		74F505C628141DDF007639A6 /* Sources */ = {
			isa = PBXSourcesBuildPhase;
			buildActionMask = 2147483647;
			files = (
				74F505D128141DDF007639A6 /* DetayliTableViewKullanimiUITestsLaunchTests.swift in Sources */,
				74F505CF28141DDF007639A6 /* DetayliTableViewKullanimiUITests.swift in Sources */,
			);
			runOnlyForDeploymentPostprocessing = 0;
		};
/* End PBXSourcesBuildPhase section */

/* Begin PBXTargetDependency section */
		74F505C228141DDF007639A6 /* PBXTargetDependency */ = {
			isa = PBXTargetDependency;
			target = 74F505A928141DDE007639A6 /* DetayliTableViewKullanimi */;
			targetProxy = 74F505C128141DDF007639A6 /* PBXContainerItemProxy */;
		};
		74F505CC28141DDF007639A6 /* PBXTargetDependency */ = {
			isa = PBXTargetDependency;
			target = 74F505A928141DDE007639A6 /* DetayliTableViewKullanimi */;
			targetProxy = 74F505CB28141DDF007639A6 /* PBXContainerItemProxy */;
		};
/* End PBXTargetDependency section */

/* Begin PBXVariantGroup section */
		74F505B328141DDE007639A6 /* Main.storyboard */ = {
			isa = PBXVariantGroup;
			children = (
				74F505B428141DDE007639A6 /* Base */,
			);
			name = Main.storyboard;
			sourceTree = "<group>";
		};
		74F505B828141DDF007639A6 /* LaunchScreen.storyboard */ = {
			isa = PBXVariantGroup;
			children = (
				74F505B928141DDF007639A6 /* Base */,
			);
			name = LaunchScreen.storyboard;
			sourceTree = "<group>";
		};
/* End PBXVariantGroup section */

/* Begin XCBuildConfiguration section */
		74F505D228141DDF007639A6 /* Debug */ = {
			isa = XCBuildConfiguration;
			buildSettings = {
				ALWAYS_SEARCH_USER_PATHS = NO;
				CLANG_ANALYZER_NONNULL = YES;
				CLANG_ANALYZER_NUMBER_OBJECT_CONVERSION = YES_AGGRESSIVE;
				CLANG_CXX_LANGUAGE_STANDARD = "gnu++17";
				CLANG_ENABLE_MODULES = YES;
				CLANG_ENABLE_OBJC_ARC = YES;
				CLANG_ENABLE_OBJC_WEAK = YES;
				CLANG_WARN_BLOCK_CAPTURE_AUTORELEASING = YES;
				CLANG_WARN_BOOL_CONVERSION = YES;
				CLANG_WARN_COMMA = YES;
				CLANG_WARN_CONSTANT_CONVERSION = YES;
				CLANG_WARN_DEPRECATED_OBJC_IMPLEMENTATIONS = YES;
				CLANG_WARN_DIRECT_OBJC_ISA_USAGE = YES_ERROR;
				CLANG_WARN_DOCUMENTATION_COMMENTS = YES;
				CLANG_WARN_EMPTY_BODY = YES;
				CLANG_WARN_ENUM_CONVERSION = YES;
				CLANG_WARN_INFINITE_RECURSION = YES;
				CLANG_WARN_INT_CONVERSION = YES;
				CLANG_WARN_NON_LITERAL_NULL_CONVERSION = YES;
				CLANG_WARN_OBJC_IMPLICIT_RETAIN_SELF = YES;
				CLANG_WARN_OBJC_LITERAL_CONVERSION = YES;
				CLANG_WARN_OBJC_ROOT_CLASS = YES_ERROR;
				CLANG_WARN_QUOTED_INCLUDE_IN_FRAMEWORK_HEADER = YES;
				CLANG_WARN_RANGE_LOOP_ANALYSIS = YES;
				CLANG_WARN_STRICT_PROTOTYPES = YES;
				CLANG_WARN_SUSPICIOUS_MOVE = YES;
				CLANG_WARN_UNGUARDED_AVAILABILITY = YES_AGGRESSIVE;
				CLANG_WARN_UNREACHABLE_CODE = YES;
				CLANG_WARN__DUPLICATE_METHOD_MATCH = YES;
				COPY_PHASE_STRIP = NO;
				DEBUG_INFORMATION_FORMAT = dwarf;
				ENABLE_STRICT_OBJC_MSGSEND = YES;
				ENABLE_TESTABILITY = YES;
				GCC_C_LANGUAGE_STANDARD = gnu11;
				GCC_DYNAMIC_NO_PIC = NO;
				GCC_NO_COMMON_BLOCKS = YES;
				GCC_OPTIMIZATION_LEVEL = 0;
				GCC_PREPROCESSOR_DEFINITIONS = (
					"DEBUG=1",
					"$(inherited)",
				);
				GCC_WARN_64_TO_32_BIT_CONVERSION = YES;
				GCC_WARN_ABOUT_RETURN_TYPE = YES_ERROR;
				GCC_WARN_UNDECLARED_SELECTOR = YES;
				GCC_WARN_UNINITIALIZED_AUTOS = YES_AGGRESSIVE;
				GCC_WARN_UNUSED_FUNCTION = YES;
				GCC_WARN_UNUSED_VARIABLE = YES;
				IPHONEOS_DEPLOYMENT_TARGET = 15.4;
				MTL_ENABLE_DEBUG_INFO = INCLUDE_SOURCE;
				MTL_FAST_MATH = YES;
				ONLY_ACTIVE_ARCH = YES;
				SDKROOT = iphoneos;
				SWIFT_ACTIVE_COMPILATION_CONDITIONS = DEBUG;
				SWIFT_OPTIMIZATION_LEVEL = "-Onone";
			};
			name = Debug;
		};
		74F505D328141DDF007639A6 /* Release */ = {
			isa = XCBuildConfiguration;
			buildSettings = {
				ALWAYS_SEARCH_USER_PATHS = NO;
				CLANG_ANALYZER_NONNULL = YES;
				CLANG_ANALYZER_NUMBER_OBJECT_CONVERSION = YES_AGGRESSIVE;
				CLANG_CXX_LANGUAGE_STANDARD = "gnu++17";
				CLANG_ENABLE_MODULES = YES;
				CLANG_ENABLE_OBJC_ARC = YES;
				CLANG_ENABLE_OBJC_WEAK = YES;
				CLANG_WARN_BLOCK_CAPTURE_AUTORELEASING = YES;
				CLANG_WARN_BOOL_CONVERSION = YES;
				CLANG_WARN_COMMA = YES;
				CLANG_WARN_CONSTANT_CONVERSION = YES;
				CLANG_WARN_DEPRECATED_OBJC_IMPLEMENTATIONS = YES;
				CLANG_WARN_DIRECT_OBJC_ISA_USAGE = YES_ERROR;
				CLANG_WARN_DOCUMENTATION_COMMENTS = YES;
				CLANG_WARN_EMPTY_BODY = YES;
				CLANG_WARN_ENUM_CONVERSION = YES;
				CLANG_WARN_INFINITE_RECURSION = YES;
				CLANG_WARN_INT_CONVERSION = YES;
				CLANG_WARN_NON_LITERAL_NULL_CONVERSION = YES;
				CLANG_WARN_OBJC_IMPLICIT_RETAIN_SELF = YES;
				CLANG_WARN_OBJC_LITERAL_CONVERSION = YES;
				CLANG_WARN_OBJC_ROOT_CLASS = YES_ERROR;
				CLANG_WARN_QUOTED_INCLUDE_IN_FRAMEWORK_HEADER = YES;
				CLANG_WARN_RANGE_LOOP_ANALYSIS = YES;
				CLANG_WARN_STRICT_PROTOTYPES = YES;
				CLANG_WARN_SUSPICIOUS_MOVE = YES;
				CLANG_WARN_UNGUARDED_AVAILABILITY = YES_AGGRESSIVE;
				CLANG_WARN_UNREACHABLE_CODE = YES;
				CLANG_WARN__DUPLICATE_METHOD_MATCH = YES;
				COPY_PHASE_STRIP = NO;
				DEBUG_INFORMATION_FORMAT = "dwarf-with-dsym";
				ENABLE_NS_ASSERTIONS = NO;
				ENABLE_STRICT_OBJC_MSGSEND = YES;
				GCC_C_LANGUAGE_STANDARD = gnu11;
				GCC_NO_COMMON_BLOCKS = YES;
				GCC_WARN_64_TO_32_BIT_CONVERSION = YES;
				GCC_WARN_ABOUT_RETURN_TYPE = YES_ERROR;
				GCC_WARN_UNDECLARED_SELECTOR = YES;
				GCC_WARN_UNINITIALIZED_AUTOS = YES_AGGRESSIVE;
				GCC_WARN_UNUSED_FUNCTION = YES;
				GCC_WARN_UNUSED_VARIABLE = YES;
				IPHONEOS_DEPLOYMENT_TARGET = 15.4;
				MTL_ENABLE_DEBUG_INFO = NO;
				MTL_FAST_MATH = YES;
				SDKROOT = iphoneos;
				SWIFT_COMPILATION_MODE = wholemodule;
				SWIFT_OPTIMIZATION_LEVEL = "-O";
				VALIDATE_PRODUCT = YES;
			};
			name = Release;
		};
		74F505D528141DDF007639A6 /* Debug */ = {
			isa = XCBuildConfiguration;
			buildSettings = {
				ASSETCATALOG_COMPILER_APPICON_NAME = AppIcon;
				ASSETCATALOG_COMPILER_GLOBAL_ACCENT_COLOR_NAME = AccentColor;
				CODE_SIGN_STYLE = Automatic;
				CURRENT_PROJECT_VERSION = 1;
				GENERATE_INFOPLIST_FILE = YES;
				INFOPLIST_FILE = DetayliTableViewKullanimi/Info.plist;
				INFOPLIST_KEY_UIApplicationSupportsIndirectInputEvents = YES;
				INFOPLIST_KEY_UILaunchStoryboardName = LaunchScreen;
				INFOPLIST_KEY_UIMainStoryboardFile = Main;
				INFOPLIST_KEY_UISupportedInterfaceOrientations_iPad = "UIInterfaceOrientationPortrait UIInterfaceOrientationPortraitUpsideDown UIInterfaceOrientationLandscapeLeft UIInterfaceOrientationLandscapeRight";
				INFOPLIST_KEY_UISupportedInterfaceOrientations_iPhone = "UIInterfaceOrientationPortrait UIInterfaceOrientationLandscapeLeft UIInterfaceOrientationLandscapeRight";
				LD_RUNPATH_SEARCH_PATHS = (
					"$(inherited)",
					"@executable_path/Frameworks",
				);
				MARKETING_VERSION = 1.0;
				PRODUCT_BUNDLE_IDENTIFIER = com.deneme.DetayliTableViewKullanimi;
				PRODUCT_NAME = "$(TARGET_NAME)";
				SWIFT_EMIT_LOC_STRINGS = YES;
				SWIFT_VERSION = 5.0;
				TARGETED_DEVICE_FAMILY = "1,2";
			};
			name = Debug;
		};
		74F505D628141DDF007639A6 /* Release */ = {
			isa = XCBuildConfiguration;
			buildSettings = {
				ASSETCATALOG_COMPILER_APPICON_NAME = AppIcon;
				ASSETCATALOG_COMPILER_GLOBAL_ACCENT_COLOR_NAME = AccentColor;
				CODE_SIGN_STYLE = Automatic;
				CURRENT_PROJECT_VERSION = 1;
				GENERATE_INFOPLIST_FILE = YES;
				INFOPLIST_FILE = DetayliTableViewKullanimi/Info.plist;
				INFOPLIST_KEY_UIApplicationSupportsIndirectInputEvents = YES;
				INFOPLIST_KEY_UILaunchStoryboardName = LaunchScreen;
				INFOPLIST_KEY_UIMainStoryboardFile = Main;
				INFOPLIST_KEY_UISupportedInterfaceOrientations_iPad = "UIInterfaceOrientationPortrait UIInterfaceOrientationPortraitUpsideDown UIInterfaceOrientationLandscapeLeft UIInterfaceOrientationLandscapeRight";
				INFOPLIST_KEY_UISupportedInterfaceOrientations_iPhone = "UIInterfaceOrientationPortrait UIInterfaceOrientationLandscapeLeft UIInterfaceOrientationLandscapeRight";
				LD_RUNPATH_SEARCH_PATHS = (
					"$(inherited)",
					"@executable_path/Frameworks",
				);
				MARKETING_VERSION = 1.0;
				PRODUCT_BUNDLE_IDENTIFIER = com.deneme.DetayliTableViewKullanimi;
				PRODUCT_NAME = "$(TARGET_NAME)";
				SWIFT_EMIT_LOC_STRINGS = YES;
				SWIFT_VERSION = 5.0;
				TARGETED_DEVICE_FAMILY = "1,2";
			};
			name = Release;
		};
		74F505D828141DDF007639A6 /* Debug */ = {
			isa = XCBuildConfiguration;
			buildSettings = {
				ALWAYS_EMBED_SWIFT_STANDARD_LIBRARIES = YES;
				BUNDLE_LOADER = "$(TEST_HOST)";
				CODE_SIGN_STYLE = Automatic;
				CURRENT_PROJECT_VERSION = 1;
				GENERATE_INFOPLIST_FILE = YES;
				IPHONEOS_DEPLOYMENT_TARGET = 15.4;
				MARKETING_VERSION = 1.0;
				PRODUCT_BUNDLE_IDENTIFIER = com.deneme.DetayliTableViewKullanimiTests;
				PRODUCT_NAME = "$(TARGET_NAME)";
				SWIFT_EMIT_LOC_STRINGS = NO;
				SWIFT_VERSION = 5.0;
				TARGETED_DEVICE_FAMILY = "1,2";
				TEST_HOST = "$(BUILT_PRODUCTS_DIR)/DetayliTableViewKullanimi.app/DetayliTableViewKullanimi";
			};
			name = Debug;
		};
		74F505D928141DDF007639A6 /* Release */ = {
			isa = XCBuildConfiguration;
			buildSettings = {
				ALWAYS_EMBED_SWIFT_STANDARD_LIBRARIES = YES;
				BUNDLE_LOADER = "$(TEST_HOST)";
				CODE_SIGN_STYLE = Automatic;
				CURRENT_PROJECT_VERSION = 1;
				GENERATE_INFOPLIST_FILE = YES;
				IPHONEOS_DEPLOYMENT_TARGET = 15.4;
				MARKETING_VERSION = 1.0;
				PRODUCT_BUNDLE_IDENTIFIER = com.deneme.DetayliTableViewKullanimiTests;
				PRODUCT_NAME = "$(TARGET_NAME)";
				SWIFT_EMIT_LOC_STRINGS = NO;
				SWIFT_VERSION = 5.0;
				TARGETED_DEVICE_FAMILY = "1,2";
				TEST_HOST = "$(BUILT_PRODUCTS_DIR)/DetayliTableViewKullanimi.app/DetayliTableViewKullanimi";
			};
			name = Release;
		};
		74F505DB28141DDF007639A6 /* Debug */ = {
			isa = XCBuildConfiguration;
			buildSettings = {
				ALWAYS_EMBED_SWIFT_STANDARD_LIBRARIES = YES;
				CODE_SIGN_STYLE = Automatic;
				CURRENT_PROJECT_VERSION = 1;
				GENERATE_INFOPLIST_FILE = YES;
				MARKETING_VERSION = 1.0;
				PRODUCT_BUNDLE_IDENTIFIER = com.deneme.DetayliTableViewKullanimiUITests;
				PRODUCT_NAME = "$(TARGET_NAME)";
				SWIFT_EMIT_LOC_STRINGS = NO;
				SWIFT_VERSION = 5.0;
				TARGETED_DEVICE_FAMILY = "1,2";
				TEST_TARGET_NAME = DetayliTableViewKullanimi;
			};
			name = Debug;
		};
		74F505DC28141DDF007639A6 /* Release */ = {
			isa = XCBuildConfiguration;
			buildSettings = {
				ALWAYS_EMBED_SWIFT_STANDARD_LIBRARIES = YES;
				CODE_SIGN_STYLE = Automatic;
				CURRENT_PROJECT_VERSION = 1;
				GENERATE_INFOPLIST_FILE = YES;
				MARKETING_VERSION = 1.0;
				PRODUCT_BUNDLE_IDENTIFIER = com.deneme.DetayliTableViewKullanimiUITests;
				PRODUCT_NAME = "$(TARGET_NAME)";
				SWIFT_EMIT_LOC_STRINGS = NO;
				SWIFT_VERSION = 5.0;
				TARGETED_DEVICE_FAMILY = "1,2";
				TEST_TARGET_NAME = DetayliTableViewKullanimi;
			};
			name = Release;
		};
/* End XCBuildConfiguration section */

/* Begin XCConfigurationList section */
		74F505A528141DDE007639A6 /* Build configuration list for PBXProject "DetayliTableViewKullanimi" */ = {
			isa = XCConfigurationList;
			buildConfigurations = (
				74F505D228141DDF007639A6 /* Debug */,
				74F505D328141DDF007639A6 /* Release */,
			);
			defaultConfigurationIsVisible = 0;
			defaultConfigurationName = Release;
		};
		74F505D428141DDF007639A6 /* Build configuration list for PBXNativeTarget "DetayliTableViewKullanimi" */ = {
			isa = XCConfigurationList;
			buildConfigurations = (
				74F505D528141DDF007639A6 /* Debug */,
				74F505D628141DDF007639A6 /* Release */,
			);
			defaultConfigurationIsVisible = 0;
			defaultConfigurationName = Release;
		};
		74F505D728141DDF007639A6 /* Build configuration list for PBXNativeTarget "DetayliTableViewKullanimiTests" */ = {
			isa = XCConfigurationList;
			buildConfigurations = (
				74F505D828141DDF007639A6 /* Debug */,
				74F505D928141DDF007639A6 /* Release */,
			);
			defaultConfigurationIsVisible = 0;
			defaultConfigurationName = Release;
		};
		74F505DA28141DDF007639A6 /* Build configuration list for PBXNativeTarget "DetayliTableViewKullanimiUITests" */ = {
			isa = XCConfigurationList;
			buildConfigurations = (
				74F505DB28141DDF007639A6 /* Debug */,
				74F505DC28141DDF007639A6 /* Release */,
			);
			defaultConfigurationIsVisible = 0;
			defaultConfigurationName = Release;
		};
/* End XCConfigurationList section */
	};
	rootObject = 74F505A228141DDE007639A6 /* Project object */;
}
